Microsoft Visual Studio Solution File, Format Version 12.00
# Visual Studio Version 17
VisualStudioVersion = 17.5.2.0
MinimumVisualStudioVersion = 10.0.40219.1
Project("{FAE04EC0-301F-11D3-BF4B-00C04F79EFBC}") = "Prog7311_Part2", "Prog7311_Part2.csproj", "{7A0675A4-1755-9305-792C-0C74048D45A8}"
EndProject
Global
	GlobalSection(SolutionConfigurationPlatforms) = preSolution
		Debug|Any CPU = Debug|Any CPU
		Release|Any CPU = Release|Any CPU
	EndGlobalSection
	GlobalSection(ProjectConfigurationPlatforms) = postSolution
		{7A0675A4-1755-9305-792C-0C74048D45A8}.Debug|Any CPU.ActiveCfg = Debug|Any CPU
		{7A0675A4-1755-9305-792C-0C74048D45A8}.Debug|Any CPU.Build.0 = Debug|Any CPU
		{7A0675A4-1755-9305-792C-0C74048D45A8}.Release|Any CPU.ActiveCfg = Release|Any CPU
		{7A0675A4-1755-9305-792C-0C74048D45A8}.Release|Any CPU.Build.0 = Release|Any CPU
	EndGlobalSection
	GlobalSection(SolutionProperties) = preSolution
		HideSolutionNode = FALSE
	EndGlobalSection
	GlobalSection(ExtensibilityGlobals) = postSolution
		SolutionGuid = {15AC6786-AB90-41A3-ADFA-35A4172D6D3C}
	EndGlobalSection
EndGlobal
